// !$*UTF8*$!
{
	archiveVersion = 1;
	classes = {
	};
	objectVersion = 50;
	objects = {

/* Begin PBXBuildFile section */
		88C62B2D2354100E00F80778 /* metroWatch WatchKit App.app in Embed Watch Content */ = {isa = PBXBuildFile; fileRef = 88C62B2C2354100E00F80778 /* metroWatch WatchKit App.app */; settings = {ATTRIBUTES = (RemoveHeadersOnCopy, ); }; };
		88C62B332354100E00F80778 /* Interface.storyboard in Resources */ = {isa = PBXBuildFile; fileRef = 88C62B312354100E00F80778 /* Interface.storyboard */; };
		88C62B352354101000F80778 /* Assets.xcassets in Resources */ = {isa = PBXBuildFile; fileRef = 88C62B342354101000F80778 /* Assets.xcassets */; };
		88C62B3C2354101000F80778 /* metroWatch WatchKit Extension.appex in Embed App Extensions */ = {isa = PBXBuildFile; fileRef = 88C62B3B2354101000F80778 /* metroWatch WatchKit Extension.appex */; settings = {ATTRIBUTES = (RemoveHeadersOnCopy, ); }; };
		88C62B412354101000F80778 /* ContentView.swift in Sources */ = {isa = PBXBuildFile; fileRef = 88C62B402354101000F80778 /* ContentView.swift */; };
		88C62B432354101000F80778 /* HostingController.swift in Sources */ = {isa = PBXBuildFile; fileRef = 88C62B422354101000F80778 /* HostingController.swift */; };
		88C62B452354101000F80778 /* ExtensionDelegate.swift in Sources */ = {isa = PBXBuildFile; fileRef = 88C62B442354101000F80778 /* ExtensionDelegate.swift */; };
		88C62B472354101000F80778 /* NotificationController.swift in Sources */ = {isa = PBXBuildFile; fileRef = 88C62B462354101000F80778 /* NotificationController.swift */; };
		88C62B492354101000F80778 /* NotificationView.swift in Sources */ = {isa = PBXBuildFile; fileRef = 88C62B482354101000F80778 /* NotificationView.swift */; };
		88C62B4B2354101000F80778 /* ComplicationController.swift in Sources */ = {isa = PBXBuildFile; fileRef = 88C62B4A2354101000F80778 /* ComplicationController.swift */; };
		88C62B4D2354101100F80778 /* Assets.xcassets in Resources */ = {isa = PBXBuildFile; fileRef = 88C62B4C2354101100F80778 /* Assets.xcassets */; };
		88C62B502354101100F80778 /* Preview Assets.xcassets in Resources */ = {isa = PBXBuildFile; fileRef = 88C62B4F2354101100F80778 /* Preview Assets.xcassets */; };
/* End PBXBuildFile section */

/* Begin PBXContainerItemProxy section */
		88C62B2E2354100E00F80778 /* PBXContainerItemProxy */ = {
			isa = PBXContainerItemProxy;
			containerPortal = 88C62B222354100E00F80778 /* Project object */;
			proxyType = 1;
			remoteGlobalIDString = 88C62B2B2354100E00F80778;
			remoteInfo = "metroWatch WatchKit App";
		};
		88C62B3D2354101000F80778 /* PBXContainerItemProxy */ = {
			isa = PBXContainerItemProxy;
			containerPortal = 88C62B222354100E00F80778 /* Project object */;
			proxyType = 1;
			remoteGlobalIDString = 88C62B3A2354101000F80778;
			remoteInfo = "metroWatch WatchKit Extension";
		};
/* End PBXContainerItemProxy section */

/* Begin PBXCopyFilesBuildPhase section */
		88C62B582354101100F80778 /* Embed App Extensions */ = {
			isa = PBXCopyFilesBuildPhase;
			buildActionMask = 2147483647;
			dstPath = "";
			dstSubfolderSpec = 13;
			files = (
				88C62B3C2354101000F80778 /* metroWatch WatchKit Extension.appex in Embed App Extensions */,
			);
			name = "Embed App Extensions";
			runOnlyForDeploymentPostprocessing = 0;
		};
		88C62B5C2354101100F80778 /* Embed Watch Content */ = {
			isa = PBXCopyFilesBuildPhase;
			buildActionMask = 2147483647;
			dstPath = "$(CONTENTS_FOLDER_PATH)/Watch";
			dstSubfolderSpec = 16;
			files = (
				88C62B2D2354100E00F80778 /* metroWatch WatchKit App.app in Embed Watch Content */,
			);
			name = "Embed Watch Content";
			runOnlyForDeploymentPostprocessing = 0;
		};
/* End PBXCopyFilesBuildPhase section */

/* Begin PBXFileReference section */
		88C62B282354100E00F80778 /* metroWatch.app */ = {isa = PBXFileReference; explicitFileType = wrapper.application; includeInIndex = 0; path = metroWatch.app; sourceTree = BUILT_PRODUCTS_DIR; };
		88C62B2C2354100E00F80778 /* metroWatch WatchKit App.app */ = {isa = PBXFileReference; explicitFileType = wrapper.application; includeInIndex = 0; path = "metroWatch WatchKit App.app"; sourceTree = BUILT_PRODUCTS_DIR; };
		88C62B322354100E00F80778 /* Base */ = {isa = PBXFileReference; lastKnownFileType = file.storyboard; name = Base; path = Base.lproj/Interface.storyboard; sourceTree = "<group>"; };
		88C62B342354101000F80778 /* Assets.xcassets */ = {isa = PBXFileReference; lastKnownFileType = folder.assetcatalog; path = Assets.xcassets; sourceTree = "<group>"; };
		88C62B362354101000F80778 /* Info.plist */ = {isa = PBXFileReference; lastKnownFileType = text.plist.xml; path = Info.plist; sourceTree = "<group>"; };
		88C62B3B2354101000F80778 /* metroWatch WatchKit Extension.appex */ = {isa = PBXFileReference; explicitFileType = "wrapper.app-extension"; includeInIndex = 0; path = "metroWatch WatchKit Extension.appex"; sourceTree = BUILT_PRODUCTS_DIR; };
		88C62B402354101000F80778 /* ContentView.swift */ = {isa = PBXFileReference; lastKnownFileType = sourcecode.swift; path = ContentView.swift; sourceTree = "<group>"; };
		88C62B422354101000F80778 /* HostingController.swift */ = {isa = PBXFileReference; lastKnownFileType = sourcecode.swift; path = HostingController.swift; sourceTree = "<group>"; };
		88C62B442354101000F80778 /* ExtensionDelegate.swift */ = {isa = PBXFileReference; lastKnownFileType = sourcecode.swift; path = ExtensionDelegate.swift; sourceTree = "<group>"; };
		88C62B462354101000F80778 /* NotificationController.swift */ = {isa = PBXFileReference; lastKnownFileType = sourcecode.swift; path = NotificationController.swift; sourceTree = "<group>"; };
		88C62B482354101000F80778 /* NotificationView.swift */ = {isa = PBXFileReference; lastKnownFileType = sourcecode.swift; path = NotificationView.swift; sourceTree = "<group>"; };
		88C62B4A2354101000F80778 /* ComplicationController.swift */ = {isa = PBXFileReference; lastKnownFileType = sourcecode.swift; path = ComplicationController.swift; sourceTree = "<group>"; };
		88C62B4C2354101100F80778 /* Assets.xcassets */ = {isa = PBXFileReference; lastKnownFileType = folder.assetcatalog; path = Assets.xcassets; sourceTree = "<group>"; };
		88C62B4F2354101100F80778 /* Preview Assets.xcassets */ = {isa = PBXFileReference; lastKnownFileType = folder.assetcatalog; path = "Preview Assets.xcassets"; sourceTree = "<group>"; };
		88C62B512354101100F80778 /* Info.plist */ = {isa = PBXFileReference; lastKnownFileType = text.plist.xml; path = Info.plist; sourceTree = "<group>"; };
		88C62B522354101100F80778 /* PushNotificationPayload.apns */ = {isa = PBXFileReference; lastKnownFileType = text; path = PushNotificationPayload.apns; sourceTree = "<group>"; };
/* End PBXFileReference section */

/* Begin PBXFrameworksBuildPhase section */
		88C62B382354101000F80778 /* Frameworks */ = {
			isa = PBXFrameworksBuildPhase;
			buildActionMask = 2147483647;
			files = (
			);
			runOnlyForDeploymentPostprocessing = 0;
		};
/* End PBXFrameworksBuildPhase section */

/* Begin PBXGroup section */
		88C62B212354100E00F80778 = {
			isa = PBXGroup;
			children = (
				88C62B302354100E00F80778 /* metroWatch WatchKit App */,
				88C62B3F2354101000F80778 /* metroWatch WatchKit Extension */,
				88C62B292354100E00F80778 /* Products */,
			);
			sourceTree = "<group>";
		};
		88C62B292354100E00F80778 /* Products */ = {
			isa = PBXGroup;
			children = (
				88C62B282354100E00F80778 /* metroWatch.app */,
				88C62B2C2354100E00F80778 /* metroWatch WatchKit App.app */,
				88C62B3B2354101000F80778 /* metroWatch WatchKit Extension.appex */,
			);
			name = Products;
			sourceTree = "<group>";
		};
		88C62B302354100E00F80778 /* metroWatch WatchKit App */ = {
			isa = PBXGroup;
			children = (
				88C62B312354100E00F80778 /* Interface.storyboard */,
				88C62B342354101000F80778 /* Assets.xcassets */,
				88C62B362354101000F80778 /* Info.plist */,
			);
			path = "metroWatch WatchKit App";
			sourceTree = "<group>";
		};
		88C62B3F2354101000F80778 /* metroWatch WatchKit Extension */ = {
			isa = PBXGroup;
			children = (
				88C62B402354101000F80778 /* ContentView.swift */,
				88C62B422354101000F80778 /* HostingController.swift */,
				88C62B442354101000F80778 /* ExtensionDelegate.swift */,
				88C62B462354101000F80778 /* NotificationController.swift */,
				88C62B482354101000F80778 /* NotificationView.swift */,
				88C62B4A2354101000F80778 /* ComplicationController.swift */,
				88C62B4C2354101100F80778 /* Assets.xcassets */,
				88C62B512354101100F80778 /* Info.plist */,
				88C62B522354101100F80778 /* PushNotificationPayload.apns */,
				88C62B4E2354101100F80778 /* Preview Content */,
			);
			path = "metroWatch WatchKit Extension";
			sourceTree = "<group>";
		};
		88C62B4E2354101100F80778 /* Preview Content */ = {
			isa = PBXGroup;
			children = (
				88C62B4F2354101100F80778 /* Preview Assets.xcassets */,
			);
			path = "Preview Content";
			sourceTree = "<group>";
		};
/* End PBXGroup section */

/* Begin PBXNativeTarget section */
		88C62B272354100E00F80778 /* metroWatch */ = {
			isa = PBXNativeTarget;
			buildConfigurationList = 88C62B5D2354101100F80778 /* Build configuration list for PBXNativeTarget "metroWatch" */;
			buildPhases = (
				88C62B262354100E00F80778 /* Resources */,
				88C62B5C2354101100F80778 /* Embed Watch Content */,
			);
			buildRules = (
			);
			dependencies = (
				88C62B2F2354100E00F80778 /* PBXTargetDependency */,
			);
			name = metroWatch;
			productName = metroWatch;
			productReference = 88C62B282354100E00F80778 /* metroWatch.app */;
			productType = "com.apple.product-type.application.watchapp2-container";
		};
		88C62B2B2354100E00F80778 /* metroWatch WatchKit App */ = {
			isa = PBXNativeTarget;
			buildConfigurationList = 88C62B592354101100F80778 /* Build configuration list for PBXNativeTarget "metroWatch WatchKit App" */;
			buildPhases = (
				88C62B2A2354100E00F80778 /* Resources */,
				88C62B582354101100F80778 /* Embed App Extensions */,
			);
			buildRules = (
			);
			dependencies = (
				88C62B3E2354101000F80778 /* PBXTargetDependency */,
			);
			name = "metroWatch WatchKit App";
			productName = "metroWatch WatchKit App";
			productReference = 88C62B2C2354100E00F80778 /* metroWatch WatchKit App.app */;
			productType = "com.apple.product-type.application.watchapp2";
		};
		88C62B3A2354101000F80778 /* metroWatch WatchKit Extension */ = {
			isa = PBXNativeTarget;
			buildConfigurationList = 88C62B552354101100F80778 /* Build configuration list for PBXNativeTarget "metroWatch WatchKit Extension" */;
			buildPhases = (
				88C62B372354101000F80778 /* Sources */,
				88C62B382354101000F80778 /* Frameworks */,
				88C62B392354101000F80778 /* Resources */,
			);
			buildRules = (
			);
			dependencies = (
			);
			name = "metroWatch WatchKit Extension";
			productName = "metroWatch WatchKit Extension";
			productReference = 88C62B3B2354101000F80778 /* metroWatch WatchKit Extension.appex */;
			productType = "com.apple.product-type.watchkit2-extension";
		};
/* End PBXNativeTarget section */

/* Begin PBXProject section */
		88C62B222354100E00F80778 /* Project object */ = {
			isa = PBXProject;
			attributes = {
				LastSwiftUpdateCheck = 1100;
				LastUpgradeCheck = 1100;
				ORGANIZATIONNAME = "Andrew Burdiak";
				TargetAttributes = {
					88C62B272354100E00F80778 = {
						CreatedOnToolsVersion = 11.0;
					};
					88C62B2B2354100E00F80778 = {
						CreatedOnToolsVersion = 11.0;
					};
					88C62B3A2354101000F80778 = {
						CreatedOnToolsVersion = 11.0;
					};
				};
			};
			buildConfigurationList = 88C62B252354100E00F80778 /* Build configuration list for PBXProject "metroWatch" */;
			compatibilityVersion = "Xcode 9.3";
			developmentRegion = en;
			hasScannedForEncodings = 0;
			knownRegions = (
				en,
				Base,
			);
			mainGroup = 88C62B212354100E00F80778;
			productRefGroup = 88C62B292354100E00F80778 /* Products */;
			projectDirPath = "";
			projectRoot = "";
			targets = (
				88C62B272354100E00F80778 /* metroWatch */,
				88C62B2B2354100E00F80778 /* metroWatch WatchKit App */,
				88C62B3A2354101000F80778 /* metroWatch WatchKit Extension */,
			);
		};
/* End PBXProject section */

/* Begin PBXResourcesBuildPhase section */
		88C62B262354100E00F80778 /* Resources */ = {
			isa = PBXResourcesBuildPhase;
			buildActionMask = 2147483647;
			files = (
			);
			runOnlyForDeploymentPostprocessing = 0;
		};
		88C62B2A2354100E00F80778 /* Resources */ = {
			isa = PBXResourcesBuildPhase;
			buildActionMask = 2147483647;
			files = (
				88C62B352354101000F80778 /* Assets.xcassets in Resources */,
				88C62B332354100E00F80778 /* Interface.storyboard in Resources */,
			);
			runOnlyForDeploymentPostprocessing = 0;
		};
		88C62B392354101000F80778 /* Resources */ = {
			isa = PBXResourcesBuildPhase;
			buildActionMask = 2147483647;
			files = (
				88C62B502354101100F80778 /* Preview Assets.xcassets in Resources */,
				88C62B4D2354101100F80778 /* Assets.xcassets in Resources */,
			);
			runOnlyForDeploymentPostprocessing = 0;
		};
/* End PBXResourcesBuildPhase section */

/* Begin PBXSourcesBuildPhase section */
		88C62B372354101000F80778 /* Sources */ = {
			isa = PBXSourcesBuildPhase;
			buildActionMask = 2147483647;
			files = (
				88C62B432354101000F80778 /* HostingController.swift in Sources */,
				88C62B412354101000F80778 /* ContentView.swift in Sources */,
				88C62B472354101000F80778 /* NotificationController.swift in Sources */,
				88C62B452354101000F80778 /* ExtensionDelegate.swift in Sources */,
				88C62B492354101000F80778 /* NotificationView.swift in Sources */,
				88C62B4B2354101000F80778 /* ComplicationController.swift in Sources */,
			);
			runOnlyForDeploymentPostprocessing = 0;
		};
/* End PBXSourcesBuildPhase section */

/* Begin PBXTargetDependency section */
		88C62B2F2354100E00F80778 /* PBXTargetDependency */ = {
			isa = PBXTargetDependency;
			target = 88C62B2B2354100E00F80778 /* metroWatch WatchKit App */;
			targetProxy = 88C62B2E2354100E00F80778 /* PBXContainerItemProxy */;
		};
		88C62B3E2354101000F80778 /* PBXTargetDependency */ = {
			isa = PBXTargetDependency;
			target = 88C62B3A2354101000F80778 /* metroWatch WatchKit Extension */;
			targetProxy = 88C62B3D2354101000F80778 /* PBXContainerItemProxy */;
		};
/* End PBXTargetDependency section */

/* Begin PBXVariantGroup section */
		88C62B312354100E00F80778 /* Interface.storyboard */ = {
			isa = PBXVariantGroup;
			children = (
				88C62B322354100E00F80778 /* Base */,
			);
			name = Interface.storyboard;
			sourceTree = "<group>";
		};
/* End PBXVariantGroup section */

/* Begin XCBuildConfiguration section */
		88C62B532354101100F80778 /* Debug */ = {
			isa = XCBuildConfiguration;
			buildSettings = {
				ALWAYS_SEARCH_USER_PATHS = NO;
				CLANG_ANALYZER_NONNULL = YES;
				CLANG_ANALYZER_NUMBER_OBJECT_CONVERSION = YES_AGGRESSIVE;
				CLANG_CXX_LANGUAGE_STANDARD = "gnu++14";
				CLANG_CXX_LIBRARY = "libc++";
				CLANG_ENABLE_MODULES = YES;
				CLANG_ENABLE_OBJC_ARC = YES;
				CLANG_ENABLE_OBJC_WEAK = YES;
				CLANG_WARN_BLOCK_CAPTURE_AUTORELEASING = YES;
				CLANG_WARN_BOOL_CONVERSION = YES;
				CLANG_WARN_COMMA = YES;
				CLANG_WARN_CONSTANT_CONVERSION = YES;
				CLANG_WARN_DEPRECATED_OBJC_IMPLEMENTATIONS = YES;
				CLANG_WARN_DIRECT_OBJC_ISA_USAGE = YES_ERROR;
				CLANG_WARN_DOCUMENTATION_COMMENTS = YES;
				CLANG_WARN_EMPTY_BODY = YES;
				CLANG_WARN_ENUM_CONVERSION = YES;
				CLANG_WARN_INFINITE_RECURSION = YES;
				CLANG_WARN_INT_CONVERSION = YES;
				CLANG_WARN_NON_LITERAL_NULL_CONVERSION = YES;
				CLANG_WARN_OBJC_IMPLICIT_RETAIN_SELF = YES;
				CLANG_WARN_OBJC_LITERAL_CONVERSION = YES;
				CLANG_WARN_OBJC_ROOT_CLASS = YES_ERROR;
				CLANG_WARN_RANGE_LOOP_ANALYSIS = YES;
				CLANG_WARN_STRICT_PROTOTYPES = YES;
				CLANG_WARN_SUSPICIOUS_MOVE = YES;
				CLANG_WARN_UNGUARDED_AVAILABILITY = YES_AGGRESSIVE;
				CLANG_WARN_UNREACHABLE_CODE = YES;
				CLANG_WARN__DUPLICATE_METHOD_MATCH = YES;
				COPY_PHASE_STRIP = NO;
				DEBUG_INFORMATION_FORMAT = dwarf;
				ENABLE_STRICT_OBJC_MSGSEND = YES;
				ENABLE_TESTABILITY = YES;
				GCC_C_LANGUAGE_STANDARD = gnu11;
				GCC_DYNAMIC_NO_PIC = NO;
				GCC_NO_COMMON_BLOCKS = YES;
				GCC_OPTIMIZATION_LEVEL = 0;
				GCC_PREPROCESSOR_DEFINITIONS = (
					"DEBUG=1",
					"$(inherited)",
				);
				GCC_WARN_64_TO_32_BIT_CONVERSION = YES;
				GCC_WARN_ABOUT_RETURN_TYPE = YES_ERROR;
				GCC_WARN_UNDECLARED_SELECTOR = YES;
				GCC_WARN_UNINITIALIZED_AUTOS = YES_AGGRESSIVE;
				GCC_WARN_UNUSED_FUNCTION = YES;
				GCC_WARN_UNUSED_VARIABLE = YES;
				MTL_ENABLE_DEBUG_INFO = INCLUDE_SOURCE;
				MTL_FAST_MATH = YES;
				ONLY_ACTIVE_ARCH = YES;
				SDKROOT = iphoneos;
				SWIFT_ACTIVE_COMPILATION_CONDITIONS = DEBUG;
				SWIFT_OPTIMIZATION_LEVEL = "-Onone";
			};
			name = Debug;
		};
		88C62B542354101100F80778 /* Release */ = {
			isa = XCBuildConfiguration;
			buildSettings = {
				ALWAYS_SEARCH_USER_PATHS = NO;
				CLANG_ANALYZER_NONNULL = YES;
				CLANG_ANALYZER_NUMBER_OBJECT_CONVERSION = YES_AGGRESSIVE;
				CLANG_CXX_LANGUAGE_STANDARD = "gnu++14";
				CLANG_CXX_LIBRARY = "libc++";
				CLANG_ENABLE_MODULES = YES;
				CLANG_ENABLE_OBJC_ARC = YES;
				CLANG_ENABLE_OBJC_WEAK = YES;
				CLANG_WARN_BLOCK_CAPTURE_AUTORELEASING = YES;
				CLANG_WARN_BOOL_CONVERSION = YES;
				CLANG_WARN_COMMA = YES;
				CLANG_WARN_CONSTANT_CONVERSION = YES;
				CLANG_WARN_DEPRECATED_OBJC_IMPLEMENTATIONS = YES;
				CLANG_WARN_DIRECT_OBJC_ISA_USAGE = YES_ERROR;
				CLANG_WARN_DOCUMENTATION_COMMENTS = YES;
				CLANG_WARN_EMPTY_BODY = YES;
				CLANG_WARN_ENUM_CONVERSION = YES;
				CLANG_WARN_INFINITE_RECURSION = YES;
				CLANG_WARN_INT_CONVERSION = YES;
				CLANG_WARN_NON_LITERAL_NULL_CONVERSION = YES;
				CLANG_WARN_OBJC_IMPLICIT_RETAIN_SELF = YES;
				CLANG_WARN_OBJC_LITERAL_CONVERSION = YES;
				CLANG_WARN_OBJC_ROOT_CLASS = YES_ERROR;
				CLANG_WARN_RANGE_LOOP_ANALYSIS = YES;
				CLANG_WARN_STRICT_PROTOTYPES = YES;
				CLANG_WARN_SUSPICIOUS_MOVE = YES;
				CLANG_WARN_UNGUARDED_AVAILABILITY = YES_AGGRESSIVE;
				CLANG_WARN_UNREACHABLE_CODE = YES;
				CLANG_WARN__DUPLICATE_METHOD_MATCH = YES;
				COPY_PHASE_STRIP = NO;
				DEBUG_INFORMATION_FORMAT = "dwarf-with-dsym";
				ENABLE_NS_ASSERTIONS = NO;
				ENABLE_STRICT_OBJC_MSGSEND = YES;
				GCC_C_LANGUAGE_STANDARD = gnu11;
				GCC_NO_COMMON_BLOCKS = YES;
				GCC_WARN_64_TO_32_BIT_CONVERSION = YES;
				GCC_WARN_ABOUT_RETURN_TYPE = YES_ERROR;
				GCC_WARN_UNDECLARED_SELECTOR = YES;
				GCC_WARN_UNINITIALIZED_AUTOS = YES_AGGRESSIVE;
				GCC_WARN_UNUSED_FUNCTION = YES;
				GCC_WARN_UNUSED_VARIABLE = YES;
				MTL_ENABLE_DEBUG_INFO = NO;
				MTL_FAST_MATH = YES;
				SDKROOT = iphoneos;
				SWIFT_COMPILATION_MODE = wholemodule;
				SWIFT_OPTIMIZATION_LEVEL = "-O";
				VALIDATE_PRODUCT = YES;
			};
			name = Release;
		};
		88C62B562354101100F80778 /* Debug */ = {
			isa = XCBuildConfiguration;
			buildSettings = {
				ASSETCATALOG_COMPILER_COMPLICATION_NAME = Complication;
				CODE_SIGN_STYLE = Automatic;
				DEVELOPMENT_ASSET_PATHS = "\"metroWatch WatchKit Extension/Preview Content\"";
				ENABLE_PREVIEWS = YES;
				INFOPLIST_FILE = "metroWatch WatchKit Extension/Info.plist";
				LD_RUNPATH_SEARCH_PATHS = (
					"$(inherited)",
					"@executable_path/Frameworks",
					"@executable_path/../../Frameworks",
				);
				PRODUCT_BUNDLE_IDENTIFIER = burdsEye.metroWatch.watchkitapp.watchkitextension;
				PRODUCT_NAME = "${TARGET_NAME}";
				SDKROOT = watchos;
				SKIP_INSTALL = YES;
				SWIFT_VERSION = 5.0;
				TARGETED_DEVICE_FAMILY = 4;
				WATCHOS_DEPLOYMENT_TARGET = 6.0;
			};
			name = Debug;
		};
		88C62B572354101100F80778 /* Release */ = {
			isa = XCBuildConfiguration;
			buildSettings = {
				ASSETCATALOG_COMPILER_COMPLICATION_NAME = Complication;
				CODE_SIGN_STYLE = Automatic;
				DEVELOPMENT_ASSET_PATHS = "\"metroWatch WatchKit Extension/Preview Content\"";
				ENABLE_PREVIEWS = YES;
				INFOPLIST_FILE = "metroWatch WatchKit Extension/Info.plist";
				LD_RUNPATH_SEARCH_PATHS = (
					"$(inherited)",
					"@executable_path/Frameworks",
					"@executable_path/../../Frameworks",
				);
				PRODUCT_BUNDLE_IDENTIFIER = burdsEye.metroWatch.watchkitapp.watchkitextension;
				PRODUCT_NAME = "${TARGET_NAME}";
				SDKROOT = watchos;
				SKIP_INSTALL = YES;
				SWIFT_VERSION = 5.0;
				TARGETED_DEVICE_FAMILY = 4;
				WATCHOS_DEPLOYMENT_TARGET = 6.0;
			};
			name = Release;
		};
		88C62B5A2354101100F80778 /* Debug */ = {
			isa = XCBuildConfiguration;
			buildSettings = {
				ALWAYS_EMBED_SWIFT_STANDARD_LIBRARIES = YES;
				ASSETCATALOG_COMPILER_APPICON_NAME = AppIcon;
				CODE_SIGN_STYLE = Automatic;
				IBSC_MODULE = metroWatch_WatchKit_Extension;
				INFOPLIST_FILE = "metroWatch WatchKit App/Info.plist";
				PRODUCT_BUNDLE_IDENTIFIER = burdsEye.metroWatch.watchkitapp;
				PRODUCT_NAME = "$(TARGET_NAME)";
				SDKROOT = watchos;
				SKIP_INSTALL = YES;
				SWIFT_VERSION = 5.0;
				TARGETED_DEVICE_FAMILY = 4;
				WATCHOS_DEPLOYMENT_TARGET = 6.0;
			};
			name = Debug;
		};
		88C62B5B2354101100F80778 /* Release */ = {
			isa = XCBuildConfiguration;
			buildSettings = {
				ALWAYS_EMBED_SWIFT_STANDARD_LIBRARIES = YES;
				ASSETCATALOG_COMPILER_APPICON_NAME = AppIcon;
				CODE_SIGN_STYLE = Automatic;
				IBSC_MODULE = metroWatch_WatchKit_Extension;
				INFOPLIST_FILE = "metroWatch WatchKit App/Info.plist";
				PRODUCT_BUNDLE_IDENTIFIER = burdsEye.metroWatch.watchkitapp;
				PRODUCT_NAME = "$(TARGET_NAME)";
				SDKROOT = watchos;
				SKIP_INSTALL = YES;
				SWIFT_VERSION = 5.0;
				TARGETED_DEVICE_FAMILY = 4;
				WATCHOS_DEPLOYMENT_TARGET = 6.0;
			};
			name = Release;
		};
		88C62B5E2354101100F80778 /* Debug */ = {
			isa = XCBuildConfiguration;
			buildSettings = {
				CODE_SIGN_STYLE = Automatic;
				CURRENT_PROJECT_VERSION = 1;
				MARKETING_VERSION = 1.0;
				PRODUCT_BUNDLE_IDENTIFIER = burdsEye.metroWatch;
				PRODUCT_NAME = "$(TARGET_NAME)";
				SWIFT_VERSION = 5.0;
			};
			name = Debug;
		};
		88C62B5F2354101100F80778 /* Release */ = {
			isa = XCBuildConfiguration;
			buildSettings = {
				CODE_SIGN_STYLE = Automatic;
				CURRENT_PROJECT_VERSION = 1;
				MARKETING_VERSION = 1.0;
				PRODUCT_BUNDLE_IDENTIFIER = burdsEye.metroWatch;
				PRODUCT_NAME = "$(TARGET_NAME)";
				SWIFT_VERSION = 5.0;
			};
			name = Release;
		};
/* End XCBuildConfiguration section */

/* Begin XCConfigurationList section */
		88C62B252354100E00F80778 /* Build configuration list for PBXProject "metroWatch" */ = {
			isa = XCConfigurationList;
			buildConfigurations = (
				88C62B532354101100F80778 /* Debug */,
				88C62B542354101100F80778 /* Release */,
			);
			defaultConfigurationIsVisible = 0;
			defaultConfigurationName = Release;
		};
		88C62B552354101100F80778 /* Build configuration list for PBXNativeTarget "metroWatch WatchKit Extension" */ = {
			isa = XCConfigurationList;
			buildConfigurations = (
				88C62B562354101100F80778 /* Debug */,
				88C62B572354101100F80778 /* Release */,
			);
			defaultConfigurationIsVisible = 0;
			defaultConfigurationName = Release;
		};
		88C62B592354101100F80778 /* Build configuration list for PBXNativeTarget "metroWatch WatchKit App" */ = {
			isa = XCConfigurationList;
			buildConfigurations = (
				88C62B5A2354101100F80778 /* Debug */,
				88C62B5B2354101100F80778 /* Release */,
			);
			defaultConfigurationIsVisible = 0;
			defaultConfigurationName = Release;
		};
		88C62B5D2354101100F80778 /* Build configuration list for PBXNativeTarget "metroWatch" */ = {
			isa = XCConfigurationList;
			buildConfigurations = (
				88C62B5E2354101100F80778 /* Debug */,
				88C62B5F2354101100F80778 /* Release */,
			);
			defaultConfigurationIsVisible = 0;
			defaultConfigurationName = Release;
		};
/* End XCConfigurationList section */
	};
	rootObject = 88C62B222354100E00F80778 /* Project object */;
}
